{
  "name": "Pedidos360-roberto-frontend",
  "lockfileVersion": 3,
  "requires": true,
  "packages": {
    "": {
      "dependencies": {
        "@azure/msal-angular": "^6.2.0",
        "@azure/msal-browser": "^5.21.0"
      }
    },
    "node_modules/@azure/msal-angular": {
      "version": "6.2.0",
      "resolved": "https://registry.npmjs.org/@azure/msal-angular/-/msal-angular-6.2.0.tgz",
      "integrity": "sha512-y7O/TgiQ3lxIvFVrxYIAfW4VLj1p0rIM5ovrPDnsxRXLAn7QKypBL2HCsZmDtSEXRzMj4hZH1tQ40ydzSJXBkQ==",
      "license": "MIT",
      "dependencies": {
        "tslib": "^2.3.0"
      },
      "peerDependencies": {
        "@azure/msal-browser": "^5.20.0",
        "rxjs": "^7.4.0"
      }
    },
    "node_modules/@azure/msal-browser": {
      "version": "5.21.0",
      "resolved": "https://registry.npmjs.org/@azure/msal-browser/-/msal-browser-5.21.0.tgz",
      "integrity": "sha512-80OcuXDErmcEDAIH9pBtSqBsed2sPT/IWmbG3xHLoPMl5zc8TINd6SlJAbVSmN5huGa3xGAg5qR7VnpaIEK0Zw==",
      "license": "MIT",
      "dependencies": {
        "@azure/msal-common": "16.14.0"
      },
      "engines": {
        "node": ">=0.8.0"
      }
    },
    "node_modules/@azure/msal-common": {
      "version": "16.14.0",
      "resolved": "https://registry.npmjs.org/@azure/msal-common/-/msal-common-16.14.0.tgz",
      "integrity": "sha512-A4rb55hI86Q9tBl/+jBj7TMz7iX2RFgQs/nExFzcAtoI/BFRVdaH5SL/MivrYD7qvweMpN8AgVvVMHV8UBYxew==",
      "license": "MIT",
      "engines": {
        "node": ">=0.8.0"
      }
    },
    "node_modules/rxjs": {
      "version": "7.8.2",
      "resolved": "https://registry.npmjs.org/rxjs/-/rxjs-7.8.2.tgz",
      "integrity": "sha512-dhKf903U/PQZY6boNNtAGdWbG85WAbjT/1xYoZIC7FAY0yWapOBQVsVrDl58W86//e1VpMNBtRV4MaXfdMySFA==",
      "license": "Apache-2.0",
      "peer": true,
      "dependencies": {
        "tslib": "^2.1.0"
      }
    },
    "node_modules/tslib": {
      "version": "2.8.1",
      "resolved": "https://registry.npmjs.org/tslib/-/tslib-2.8.1.tgz",
      "integrity": "sha512-oJFu94HQb+KVduSUQL7wnpmqnfmLsOA/nAh6b6EH0wCEoK0/mPeXU6c3wKDV83MkOuHPRHtSXKKU99IBazS/2w==",
      "license": "0BSD"
    }
  }
}
